
Microsoft Visual Studio Solution File, Format Version 12.00
# Visual Studio Version 17
VisualStudioVersion = 17.7.34024.191
MinimumVisualStudioVersion = 10.0.40219.1
Project("{FAE04EC0-301F-11D3-BF4B-00C04F79EFBC}") = "test1", "test1\test1.csproj", "{FDEC8867-CD91-4857-BB36-43FD1BD460B3}"
EndProject
Project("{FAE04EC0-301F-11D3-BF4B-00C04F79EFBC}") = "PasswordCheackTest", "PasswordCheackTest\PasswordCheackTest.csproj", "{E6D81D64-CD92-4188-B350-780C0DF63C41}"
EndProject
Global
	GlobalSection(SolutionConfigurationPlatforms) = preSolution
		Debug|Any CPU = Debug|Any CPU
		Release|Any CPU = Release|Any CPU
	EndGlobalSection
	GlobalSection(ProjectConfigurationPlatforms) = postSolution
		{FDEC8867-CD91-4857-BB36-43FD1BD460B3}.Debug|Any CPU.ActiveCfg = Debug|Any CPU
		{FDEC8867-CD91-4857-BB36-43FD1BD460B3}.Debug|Any CPU.Build.0 = Debug|Any CPU
		{FDEC8867-CD91-4857-BB36-43FD1BD460B3}.Release|Any CPU.ActiveCfg = Release|Any CPU
		{FDEC8867-CD91-4857-BB36-43FD1BD460B3}.Release|Any CPU.Build.0 = Release|Any CPU
		{E6D81D64-CD92-4188-B350-780C0DF63C41}.Debug|Any CPU.ActiveCfg = Debug|Any CPU
		{E6D81D64-CD92-4188-B350-780C0DF63C41}.Debug|Any CPU.Build.0 = Debug|Any CPU
		{E6D81D64-CD92-4188-B350-780C0DF63C41}.Release|Any CPU.ActiveCfg = Release|Any CPU
		{E6D81D64-CD92-4188-B350-780C0DF63C41}.Release|Any CPU.Build.0 = Release|Any CPU
	EndGlobalSection
	GlobalSection(SolutionProperties) = preSolution
		HideSolutionNode = FALSE
	EndGlobalSection
	GlobalSection(ExtensibilityGlobals) = postSolution
		SolutionGuid = {43DEEEDA-ED77-4D36-B9C4-1085FFDC9816}
	EndGlobalSection
EndGlobal
